{
  "name": "@chicory-lang/compiler",
  "version": "0.0.35",
  "lockfileVersion": 3,
  "requires": true,
  "packages": {
    "": {
      "name": "@chicory-lang/compiler",
      "version": "0.0.35",
      "license": "MIT",
      "dependencies": {
        "@webref/css": "^6.21.0",
        "@webref/elements": "^2.4.0",
        "@webref/idl": "^3.63.0",
        "antlr4ng": "^3.0.14"
      },
      "devDependencies": {
        "@types/bun": "^1.2.2"
      }
    },
    "node_modules/@types/bun": {
      "version": "1.2.2",
      "resolved": "https://registry.npmjs.org/@types/bun/-/bun-1.2.2.tgz",
      "integrity": "sha512-tr74gdku+AEDN5ergNiBnplr7hpDp3V1h7fqI2GcR/rsUaM39jpSeKH0TFibRvU0KwniRx5POgaYnaXbk0hU+w==",
      "dev": true,
      "dependencies": {
        "bun-types": "1.2.2"
      }
    },
    "node_modules/@types/node": {
      "version": "22.13.4",
      "resolved": "https://registry.npmjs.org/@types/node/-/node-22.13.4.tgz",
      "integrity": "sha512-ywP2X0DYtX3y08eFVx5fNIw7/uIv8hYUKgXoK8oayJlLnKcRfEYCxWMVE1XagUdVtCJlZT1AU4LXEABW+L1Peg==",
      "dev": true,
      "dependencies": {
        "undici-types": "~6.20.0"
      }
    },
    "node_modules/@types/ws": {
      "version": "8.5.14",
      "resolved": "https://registry.npmjs.org/@types/ws/-/ws-8.5.14.tgz",
      "integrity": "sha512-bd/YFLW+URhBzMXurx7lWByOu+xzU9+kb3RboOteXYDfW+tr+JZa99OyNmPINEGB/ahzKrEuc8rcv4gnpJmxTw==",
      "dev": true,
      "dependencies": {
        "@types/node": "*"
      }
    },
    "node_modules/@webref/css": {
      "version": "6.21.0",
      "resolved": "https://registry.npmjs.org/@webref/css/-/css-6.21.0.tgz",
      "integrity": "sha512-cSSJibUctBM3Ht/ieVfm7/wvq+YO4z1YYGKi8vm4yoPh1Z7yxtyKiEh8+aM8B89grSzTXjRys7Q+PtwX6/Cmgg==",
      "peerDependencies": {
        "css-tree": "^3.1.0"
      }
    },
    "node_modules/@webref/elements": {
      "version": "2.4.0",
      "resolved": "https://registry.npmjs.org/@webref/elements/-/elements-2.4.0.tgz",
      "integrity": "sha512-KRD9xK9Wx6N1L0cVf1KiScmoyR5OCrM/tSCgJKFi5WdBZQ+aaIjqtkhU+STO2O9k2X1YiSRMC/+P4gNM1n4v9w=="
    },
    "node_modules/@webref/idl": {
      "version": "3.63.0",
      "resolved": "https://registry.npmjs.org/@webref/idl/-/idl-3.63.0.tgz",
      "integrity": "sha512-ccHJi1I4jMSJ0ojpJ7Tnwc78V7aWxGVVyNx4pkQujepAG6RTVVQg0VAfNYvUFGaOISv4FM9BlhRCS4En69g4zg==",
      "peerDependencies": {
        "webidl2": "^24.4.1"
      }
    },
    "node_modules/antlr4ng": {
      "version": "3.0.14",
      "resolved": "https://registry.npmjs.org/antlr4ng/-/antlr4ng-3.0.14.tgz",
      "integrity": "sha512-EVEn3B3zpxgbq/731dhwMYCls9e8mAudBvo479hoXbX/yTL24Do1HNZEU+v1U6GayIFrow5EcHMdyXqqRXTtBw==",
      "peerDependencies": {
        "antlr4ng-cli": "^2.0.0"
      }
    },
    "node_modules/antlr4ng-cli": {
      "version": "2.0.0",
      "resolved": "https://registry.npmjs.org/antlr4ng-cli/-/antlr4ng-cli-2.0.0.tgz",
      "integrity": "sha512-oAt5OSSYhRQn1PgahtpAP4Vp3BApCoCqlzX7Q8ZUWWls4hX59ryYuu0t7Hwrnfk796OxP/vgIJaqxdltd/oEvQ==",
      "peer": true,
      "bin": {
        "antlr4ng": "index.js"
      }
    },
    "node_modules/bun-types": {
      "version": "1.2.2",
      "resolved": "https://registry.npmjs.org/bun-types/-/bun-types-1.2.2.tgz",
      "integrity": "sha512-RCbMH5elr9gjgDGDhkTTugA21XtJAy/9jkKe/G3WR2q17VPGhcquf9Sir6uay9iW+7P/BV0CAHA1XlHXMAVKHg==",
      "dev": true,
      "dependencies": {
        "@types/node": "*",
        "@types/ws": "~8.5.10"
      }
    },
    "node_modules/css-tree": {
      "version": "3.1.0",
      "resolved": "https://registry.npmjs.org/css-tree/-/css-tree-3.1.0.tgz",
      "integrity": "sha512-0eW44TGN5SQXU1mWSkKwFstI/22X2bG1nYzZTYMAWjylYURhse752YgbE4Cx46AC+bAvI+/dYTPRk1LqSUnu6w==",
      "peer": true,
      "dependencies": {
        "mdn-data": "2.12.2",
        "source-map-js": "^1.0.1"
      },
      "engines": {
        "node": "^10 || ^12.20.0 || ^14.13.0 || >=15.0.0"
      }
    },
    "node_modules/mdn-data": {
      "version": "2.12.2",
      "resolved": "https://registry.npmjs.org/mdn-data/-/mdn-data-2.12.2.tgz",
      "integrity": "sha512-IEn+pegP1aManZuckezWCO+XZQDplx1366JoVhTpMpBB1sPey/SbveZQUosKiKiGYjg1wH4pMlNgXbCiYgihQA==",
      "peer": true
    },
    "node_modules/source-map-js": {
      "version": "1.2.1",
      "resolved": "https://registry.npmjs.org/source-map-js/-/source-map-js-1.2.1.tgz",
      "integrity": "sha512-UXWMKhLOwVKb728IUtQPXxfYU+usdybtUrK/8uGE8CQMvrhOpwvzDBwj0QhSL7MQc7vIsISBG8VQ8+IDQxpfQA==",
      "peer": true,
      "engines": {
        "node": ">=0.10.0"
      }
    },
    "node_modules/undici-types": {
      "version": "6.20.0",
      "resolved": "https://registry.npmjs.org/undici-types/-/undici-types-6.20.0.tgz",
      "integrity": "sha512-Ny6QZ2Nju20vw1SRHe3d9jVu6gJ+4e3+MMpqu7pqE5HT6WsTSlce++GQmK5UXS8mzV8DSYHrQH+Xrf2jVcuKNg==",
      "dev": true
    },
    "node_modules/webidl2": {
      "version": "24.4.1",
      "resolved": "https://registry.npmjs.org/webidl2/-/webidl2-24.4.1.tgz",
      "integrity": "sha512-cPToqvZlxTAlaMucZyU28XtFLJz3XPdTdIWK/r3IaP1jfkjqne3OTniJS8DZqfzee1aBUQn80d6s2vYert50kg==",
      "peer": true,
      "engines": {
        "node": ">= 14"
      }
    }
  }
}
